
Microsoft Visual Studio Solution File, Format Version 10.00
# Visual Studio 2008
Project("{FAE04EC0-301F-11D3-BF4B-00C04F79EFBC}") = "AshMind.Research.IoC.Frameworks.Tests", "AshMind.Research.IoC.Frameworks.Tests\AshMind.Research.IoC.Frameworks.Tests.csproj", "{FFF2E9E6-7BF5-4291-996F-9FDD6EC14387}"
EndProject
Project("{2150E333-8FDC-42A3-9474-1A3956D46DE8}") = ".Libraries", ".Libraries", "{89016C71-8958-40C7-BE2F-C0F945FE9F62}"
EndProject
Project("{2150E333-8FDC-42A3-9474-1A3956D46DE8}") = "Autofac", "Autofac", "{B4E63D24-F114-41F2-AA4C-611BC20AAEC5}"
	ProjectSection(SolutionItems) = preProject
		.Libraries\Autofac\Autofac.dll = .Libraries\Autofac\Autofac.dll
		.Libraries\Autofac\Autofac.xml = .Libraries\Autofac\Autofac.xml
	EndProjectSection
EndProject
Project("{2150E333-8FDC-42A3-9474-1A3956D46DE8}") = "Castle", "Castle", "{CA2F21EC-023F-4602-A2BE-4B353274CAFC}"
	ProjectSection(SolutionItems) = preProject
		.Libraries\Castle\Castle.Core.dll = .Libraries\Castle\Castle.Core.dll
		.Libraries\Castle\Castle.Core.xml = .Libraries\Castle\Castle.Core.xml
		.Libraries\Castle\Castle.MicroKernel.dll = .Libraries\Castle\Castle.MicroKernel.dll
		.Libraries\Castle\Castle.MicroKernel.xml = .Libraries\Castle\Castle.MicroKernel.xml
	EndProjectSection
EndProject
Project("{2150E333-8FDC-42A3-9474-1A3956D46DE8}") = "MbUnit", "MbUnit", "{AA909241-5C19-4FE0-965A-3FD97E047282}"
	ProjectSection(SolutionItems) = preProject
		.Libraries\MbUnit\MbUnit.Framework.dll = .Libraries\MbUnit\MbUnit.Framework.dll
		.Libraries\MbUnit\QuickGraph.Algorithms.dll = .Libraries\MbUnit\QuickGraph.Algorithms.dll
		.Libraries\MbUnit\QuickGraph.dll = .Libraries\MbUnit\QuickGraph.dll
		.Libraries\MbUnit\TestFu.dll = .Libraries\MbUnit\TestFu.dll
	EndProjectSection
EndProject
Project("{2150E333-8FDC-42A3-9474-1A3956D46DE8}") = "Ninject", "Ninject", "{8A991702-1372-4ECB-87FD-8A09551FE9E0}"
	ProjectSection(SolutionItems) = preProject
		.Libraries\Ninject\Ninject.Core.dll = .Libraries\Ninject\Ninject.Core.dll
		.Libraries\Ninject\Ninject.Core.xml = .Libraries\Ninject\Ninject.Core.xml
		.Libraries\Ninject\Ninject.Extensions.AutoWiring.dll = .Libraries\Ninject\Ninject.Extensions.AutoWiring.dll
		.Libraries\Ninject\Ninject.Extensions.AutoWiring.xml = .Libraries\Ninject\Ninject.Extensions.AutoWiring.xml
	EndProjectSection
EndProject
Project("{2150E333-8FDC-42A3-9474-1A3956D46DE8}") = "Spring", "Spring", "{38EC80EA-98E6-427B-B7C2-382792E8D138}"
	ProjectSection(SolutionItems) = preProject
		.Libraries\Spring\antlr.runtime.dll = .Libraries\Spring\antlr.runtime.dll
		.Libraries\Spring\Common.Logging.dll = .Libraries\Spring\Common.Logging.dll
		.Libraries\Spring\Spring.Core.dll = .Libraries\Spring\Spring.Core.dll
		.Libraries\Spring\Spring.Core.xml = .Libraries\Spring\Spring.Core.xml
	EndProjectSection
EndProject
Project("{2150E333-8FDC-42A3-9474-1A3956D46DE8}") = "StructureMap", "StructureMap", "{F4349BBE-80B6-4BAA-A79D-0ECC7E7D8657}"
	ProjectSection(SolutionItems) = preProject
		.Libraries\StructureMap\StructureMap.dll = .Libraries\StructureMap\StructureMap.dll
	EndProjectSection
EndProject
Project("{2150E333-8FDC-42A3-9474-1A3956D46DE8}") = "Unity", "Unity", "{5D27DCCE-6A27-4B87-A8AF-5B0BAC745049}"
	ProjectSection(SolutionItems) = preProject
		.Libraries\Unity\Microsoft.Practices.ObjectBuilder2.dll = .Libraries\Unity\Microsoft.Practices.ObjectBuilder2.dll
		.Libraries\Unity\Microsoft.Practices.ObjectBuilder2.xml = .Libraries\Unity\Microsoft.Practices.ObjectBuilder2.xml
		.Libraries\Unity\Microsoft.Practices.Unity.dll = .Libraries\Unity\Microsoft.Practices.Unity.dll
		.Libraries\Unity\Microsoft.Practices.Unity.xml = .Libraries\Unity\Microsoft.Practices.Unity.xml
	EndProjectSection
EndProject
Project("{2150E333-8FDC-42A3-9474-1A3956D46DE8}") = "LinFu", "LinFu", "{97B6B71D-EEE5-4A7D-9B7F-8855FD7ABF61}"
EndProject
Global
	GlobalSection(SolutionConfigurationPlatforms) = preSolution
		Debug|Any CPU = Debug|Any CPU
		Release|Any CPU = Release|Any CPU
	EndGlobalSection
	GlobalSection(ProjectConfigurationPlatforms) = postSolution
		{FFF2E9E6-7BF5-4291-996F-9FDD6EC14387}.Debug|Any CPU.ActiveCfg = Debug|Any CPU
		{FFF2E9E6-7BF5-4291-996F-9FDD6EC14387}.Debug|Any CPU.Build.0 = Debug|Any CPU
		{FFF2E9E6-7BF5-4291-996F-9FDD6EC14387}.Release|Any CPU.ActiveCfg = Release|Any CPU
		{FFF2E9E6-7BF5-4291-996F-9FDD6EC14387}.Release|Any CPU.Build.0 = Release|Any CPU
	EndGlobalSection
	GlobalSection(SolutionProperties) = preSolution
		HideSolutionNode = FALSE
	EndGlobalSection
	GlobalSection(NestedProjects) = preSolution
		{B4E63D24-F114-41F2-AA4C-611BC20AAEC5} = {89016C71-8958-40C7-BE2F-C0F945FE9F62}
		{CA2F21EC-023F-4602-A2BE-4B353274CAFC} = {89016C71-8958-40C7-BE2F-C0F945FE9F62}
		{AA909241-5C19-4FE0-965A-3FD97E047282} = {89016C71-8958-40C7-BE2F-C0F945FE9F62}
		{8A991702-1372-4ECB-87FD-8A09551FE9E0} = {89016C71-8958-40C7-BE2F-C0F945FE9F62}
		{38EC80EA-98E6-427B-B7C2-382792E8D138} = {89016C71-8958-40C7-BE2F-C0F945FE9F62}
		{F4349BBE-80B6-4BAA-A79D-0ECC7E7D8657} = {89016C71-8958-40C7-BE2F-C0F945FE9F62}
		{5D27DCCE-6A27-4B87-A8AF-5B0BAC745049} = {89016C71-8958-40C7-BE2F-C0F945FE9F62}
		{97B6B71D-EEE5-4A7D-9B7F-8855FD7ABF61} = {89016C71-8958-40C7-BE2F-C0F945FE9F62}
	EndGlobalSection
	GlobalSection(ExtensibilityGlobals) = postSolution
		VisualSVNWorkingCopyRoot = 
	EndGlobalSection
EndGlobal
