
Microsoft Visual Studio Solution File, Format Version 11.00
# Visual Studio 2010
Project("{FAE04EC0-301F-11D3-BF4B-00C04F79EFBC}") = "FeatureTests", "FeatureTests\FeatureTests.csproj", "{FFF2E9E6-7BF5-4291-996F-9FDD6EC14387}"
EndProject
Global
	GlobalSection(SolutionConfigurationPlatforms) = preSolution
		Debug|Any CPU = Debug|Any CPU
		Release|Any CPU = Release|Any CPU
	EndGlobalSection
	GlobalSection(ProjectConfigurationPlatforms) = postSolution
		{FFF2E9E6-7BF5-4291-996F-9FDD6EC14387}.Debug|Any CPU.ActiveCfg = Debug|Any CPU
		{FFF2E9E6-7BF5-4291-996F-9FDD6EC14387}.Debug|Any CPU.Build.0 = Debug|Any CPU
		{FFF2E9E6-7BF5-4291-996F-9FDD6EC14387}.Release|Any CPU.ActiveCfg = Release|Any CPU
		{FFF2E9E6-7BF5-4291-996F-9FDD6EC14387}.Release|Any CPU.Build.0 = Release|Any CPU
	EndGlobalSection
	GlobalSection(SolutionProperties) = preSolution
		HideSolutionNode = FALSE
	EndGlobalSection
	GlobalSection(ExtensibilityGlobals) = postSolution
		EnterpriseLibraryConfigurationToolBinariesPath = #packages\Unity.2.1.505.2\lib\NET35
		VisualSVNWorkingCopyRoot = 
	EndGlobalSection
EndGlobal
